
Microsoft Visual Studio Solution File, Format Version 12.00
# Visual Studio 15
VisualStudioVersion = 15.0.28307.168
MinimumVisualStudioVersion = 10.0.40219.1
Project("{FAE04EC0-301F-11D3-BF4B-00C04F79EFBC}") = "Day7(Tanks)", "Перегрузка операторов(танки)\Day7(Tanks).csproj", "{5A795FF7-5B72-4F3F-A06D-093754B4478C}"
EndProject
Project("{FAE04EC0-301F-11D3-BF4B-00C04F79EFBC}") = "MyClassLib", "MyClassLib\MyClassLib.csproj", "{183F1D54-5BCC-49B8-8DF0-1D78A2E3E3A7}"
EndProject
Global
	GlobalSection(SolutionConfigurationPlatforms) = preSolution
		Debug|Any CPU = Debug|Any CPU
		Release|Any CPU = Release|Any CPU
	EndGlobalSection
	GlobalSection(ProjectConfigurationPlatforms) = postSolution
		{5A795FF7-5B72-4F3F-A06D-093754B4478C}.Debug|Any CPU.ActiveCfg = Debug|Any CPU
		{5A795FF7-5B72-4F3F-A06D-093754B4478C}.Debug|Any CPU.Build.0 = Debug|Any CPU
		{5A795FF7-5B72-4F3F-A06D-093754B4478C}.Release|Any CPU.ActiveCfg = Release|Any CPU
		{5A795FF7-5B72-4F3F-A06D-093754B4478C}.Release|Any CPU.Build.0 = Release|Any CPU
		{183F1D54-5BCC-49B8-8DF0-1D78A2E3E3A7}.Debug|Any CPU.ActiveCfg = Debug|Any CPU
		{183F1D54-5BCC-49B8-8DF0-1D78A2E3E3A7}.Debug|Any CPU.Build.0 = Debug|Any CPU
		{183F1D54-5BCC-49B8-8DF0-1D78A2E3E3A7}.Release|Any CPU.ActiveCfg = Release|Any CPU
		{183F1D54-5BCC-49B8-8DF0-1D78A2E3E3A7}.Release|Any CPU.Build.0 = Release|Any CPU
	EndGlobalSection
	GlobalSection(SolutionProperties) = preSolution
		HideSolutionNode = FALSE
	EndGlobalSection
	GlobalSection(ExtensibilityGlobals) = postSolution
		SolutionGuid = {0B5282BC-2BA3-48B1-8ACD-39B4D2C6B9EB}
	EndGlobalSection
EndGlobal
